// !$*UTF8*$!
{
	archiveVersion = 1;
	classes = {
	};
	objectVersion = 50;
	objects = {

/* Begin PBXBuildFile section */
		571D805B221DE2FC00A5EAE7 /* tuio_client.h in Headers */ = {isa = PBXBuildFile; fileRef = 571D8053221DE2FC00A5EAE7 /* tuio_client.h */; };
		571D805C221DE2FC00A5EAE7 /* tuio_c.h in Headers */ = {isa = PBXBuildFile; fileRef = 571D8054221DE2FC00A5EAE7 /* tuio_c.h */; };
		571D805D221DE2FC00A5EAE7 /* tuio_udp_receiver.cpp in Sources */ = {isa = PBXBuildFile; fileRef = 571D8055221DE2FC00A5EAE7 /* tuio_udp_receiver.cpp */; };
		571D805E221DE2FC00A5EAE7 /* my_tuio_client.h in Headers */ = {isa = PBXBuildFile; fileRef = 571D8056221DE2FC00A5EAE7 /* my_tuio_client.h */; };
		571D805F221DE2FC00A5EAE7 /* tuio_client.c in Sources */ = {isa = PBXBuildFile; fileRef = 571D8057221DE2FC00A5EAE7 /* tuio_client.c */; };
		571D8060221DE2FC00A5EAE7 /* tuio_c.c in Sources */ = {isa = PBXBuildFile; fileRef = 571D8058221DE2FC00A5EAE7 /* tuio_c.c */; };
		571D8061221DE2FC00A5EAE7 /* my_tuio_client.cpp in Sources */ = {isa = PBXBuildFile; fileRef = 571D8059221DE2FC00A5EAE7 /* my_tuio_client.cpp */; };
		571D8062221DE2FC00A5EAE7 /* tuio_udp_receiver.h in Headers */ = {isa = PBXBuildFile; fileRef = 571D805A221DE2FC00A5EAE7 /* tuio_udp_receiver.h */; };
/* End PBXBuildFile section */

/* Begin PBXFileReference section */
		571D8053221DE2FC00A5EAE7 /* tuio_client.h */ = {isa = PBXFileReference; fileEncoding = 4; lastKnownFileType = sourcecode.c.h; path = tuio_client.h; sourceTree = "<group>"; };
		571D8054221DE2FC00A5EAE7 /* tuio_c.h */ = {isa = PBXFileReference; fileEncoding = 4; lastKnownFileType = sourcecode.c.h; path = tuio_c.h; sourceTree = "<group>"; };
		571D8055221DE2FC00A5EAE7 /* tuio_udp_receiver.cpp */ = {isa = PBXFileReference; fileEncoding = 4; lastKnownFileType = sourcecode.cpp.cpp; path = tuio_udp_receiver.cpp; sourceTree = "<group>"; };
		571D8056221DE2FC00A5EAE7 /* my_tuio_client.h */ = {isa = PBXFileReference; fileEncoding = 4; lastKnownFileType = sourcecode.c.h; path = my_tuio_client.h; sourceTree = "<group>"; };
		571D8057221DE2FC00A5EAE7 /* tuio_client.c */ = {isa = PBXFileReference; fileEncoding = 4; lastKnownFileType = sourcecode.c.c; path = tuio_client.c; sourceTree = "<group>"; };
		571D8058221DE2FC00A5EAE7 /* tuio_c.c */ = {isa = PBXFileReference; fileEncoding = 4; lastKnownFileType = sourcecode.c.c; path = tuio_c.c; sourceTree = "<group>"; };
		571D8059221DE2FC00A5EAE7 /* my_tuio_client.cpp */ = {isa = PBXFileReference; fileEncoding = 4; lastKnownFileType = sourcecode.cpp.cpp; path = my_tuio_client.cpp; sourceTree = "<group>"; };
		571D805A221DE2FC00A5EAE7 /* tuio_udp_receiver.h */ = {isa = PBXFileReference; fileEncoding = 4; lastKnownFileType = sourcecode.c.h; path = tuio_udp_receiver.h; sourceTree = "<group>"; };
		57D8E29621C06E2900892E0C /* libtuio_c.a */ = {isa = PBXFileReference; explicitFileType = archive.ar; includeInIndex = 0; path = libtuio_c.a; sourceTree = BUILT_PRODUCTS_DIR; };
/* End PBXFileReference section */

/* Begin PBXFrameworksBuildPhase section */
		57D8E29421C06E2900892E0C /* Frameworks */ = {
			isa = PBXFrameworksBuildPhase;
			buildActionMask = 2147483647;
			files = (
			);
			runOnlyForDeploymentPostprocessing = 0;
		};
/* End PBXFrameworksBuildPhase section */

/* Begin PBXGroup section */
		571D8052221DE2FC00A5EAE7 /* src */ = {
			isa = PBXGroup;
			children = (
				571D8053221DE2FC00A5EAE7 /* tuio_client.h */,
				571D8054221DE2FC00A5EAE7 /* tuio_c.h */,
				571D8055221DE2FC00A5EAE7 /* tuio_udp_receiver.cpp */,
				571D8056221DE2FC00A5EAE7 /* my_tuio_client.h */,
				571D8057221DE2FC00A5EAE7 /* tuio_client.c */,
				571D8058221DE2FC00A5EAE7 /* tuio_c.c */,
				571D8059221DE2FC00A5EAE7 /* my_tuio_client.cpp */,
				571D805A221DE2FC00A5EAE7 /* tuio_udp_receiver.h */,
			);
			name = src;
			path = ../../src/tuio1_c/src;
			sourceTree = "<group>";
		};
		57D8E28D21C06E2900892E0C = {
			isa = PBXGroup;
			children = (
				571D8052221DE2FC00A5EAE7 /* src */,
				57D8E29721C06E2900892E0C /* Products */,
			);
			sourceTree = "<group>";
		};
		57D8E29721C06E2900892E0C /* Products */ = {
			isa = PBXGroup;
			children = (
				57D8E29621C06E2900892E0C /* libtuio_c.a */,
			);
			name = Products;
			sourceTree = "<group>";
		};
/* End PBXGroup section */

/* Begin PBXHeadersBuildPhase section */
		57D8E29221C06E2900892E0C /* Headers */ = {
			isa = PBXHeadersBuildPhase;
			buildActionMask = 2147483647;
			files = (
				571D805B221DE2FC00A5EAE7 /* tuio_client.h in Headers */,
				571D805E221DE2FC00A5EAE7 /* my_tuio_client.h in Headers */,
				571D8062221DE2FC00A5EAE7 /* tuio_udp_receiver.h in Headers */,
				571D805C221DE2FC00A5EAE7 /* tuio_c.h in Headers */,
			);
			runOnlyForDeploymentPostprocessing = 0;
		};
/* End PBXHeadersBuildPhase section */

/* Begin PBXNativeTarget section */
		57D8E29521C06E2900892E0C /* tuio_c */ = {
			isa = PBXNativeTarget;
			buildConfigurationList = 57D8E29A21C06E2900892E0C /* Build configuration list for PBXNativeTarget "tuio_c" */;
			buildPhases = (
				57D8E29221C06E2900892E0C /* Headers */,
				57D8E29321C06E2900892E0C /* Sources */,
				57D8E29421C06E2900892E0C /* Frameworks */,
			);
			buildRules = (
			);
			dependencies = (
			);
			name = tuio_c;
			productName = tuio_c;
			productReference = 57D8E29621C06E2900892E0C /* libtuio_c.a */;
			productType = "com.apple.product-type.library.static";
		};
/* End PBXNativeTarget section */

/* Begin PBXProject section */
		57D8E28E21C06E2900892E0C /* Project object */ = {
			isa = PBXProject;
			attributes = {
				LastUpgradeCheck = 1000;
				ORGANIZATIONNAME = ruminant;
				TargetAttributes = {
					57D8E29521C06E2900892E0C = {
						CreatedOnToolsVersion = 10.0;
					};
				};
			};
			buildConfigurationList = 57D8E29121C06E2900892E0C /* Build configuration list for PBXProject "tuio1_c" */;
			compatibilityVersion = "Xcode 9.3";
			developmentRegion = en;
			hasScannedForEncodings = 0;
			knownRegions = (
				en,
			);
			mainGroup = 57D8E28D21C06E2900892E0C;
			productRefGroup = 57D8E29721C06E2900892E0C /* Products */;
			projectDirPath = "";
			projectRoot = "";
			targets = (
				57D8E29521C06E2900892E0C /* tuio_c */,
			);
		};
/* End PBXProject section */

/* Begin PBXSourcesBuildPhase section */
		57D8E29321C06E2900892E0C /* Sources */ = {
			isa = PBXSourcesBuildPhase;
			buildActionMask = 2147483647;
			files = (
				571D805D221DE2FC00A5EAE7 /* tuio_udp_receiver.cpp in Sources */,
				571D8060221DE2FC00A5EAE7 /* tuio_c.c in Sources */,
				571D805F221DE2FC00A5EAE7 /* tuio_client.c in Sources */,
				571D8061221DE2FC00A5EAE7 /* my_tuio_client.cpp in Sources */,
			);
			runOnlyForDeploymentPostprocessing = 0;
		};
/* End PBXSourcesBuildPhase section */

/* Begin XCBuildConfiguration section */
		57D8E29821C06E2900892E0C /* Debug */ = {
			isa = XCBuildConfiguration;
			buildSettings = {
				ALWAYS_SEARCH_USER_PATHS = NO;
				CLANG_ANALYZER_NONNULL = YES;
				CLANG_ANALYZER_NUMBER_OBJECT_CONVERSION = YES_AGGRESSIVE;
				CLANG_CXX_LANGUAGE_STANDARD = "gnu++14";
				CLANG_CXX_LIBRARY = "libc++";
				CLANG_ENABLE_MODULES = YES;
				CLANG_ENABLE_OBJC_ARC = YES;
				CLANG_ENABLE_OBJC_WEAK = YES;
				CLANG_WARN_BLOCK_CAPTURE_AUTORELEASING = YES;
				CLANG_WARN_BOOL_CONVERSION = YES;
				CLANG_WARN_COMMA = YES;
				CLANG_WARN_CONSTANT_CONVERSION = YES;
				CLANG_WARN_DEPRECATED_OBJC_IMPLEMENTATIONS = YES;
				CLANG_WARN_DIRECT_OBJC_ISA_USAGE = YES_ERROR;
				CLANG_WARN_DOCUMENTATION_COMMENTS = YES;
				CLANG_WARN_EMPTY_BODY = YES;
				CLANG_WARN_ENUM_CONVERSION = YES;
				CLANG_WARN_INFINITE_RECURSION = YES;
				CLANG_WARN_INT_CONVERSION = YES;
				CLANG_WARN_NON_LITERAL_NULL_CONVERSION = YES;
				CLANG_WARN_OBJC_IMPLICIT_RETAIN_SELF = YES;
				CLANG_WARN_OBJC_LITERAL_CONVERSION = YES;
				CLANG_WARN_OBJC_ROOT_CLASS = YES_ERROR;
				CLANG_WARN_RANGE_LOOP_ANALYSIS = YES;
				CLANG_WARN_STRICT_PROTOTYPES = YES;
				CLANG_WARN_SUSPICIOUS_MOVE = YES;
				CLANG_WARN_UNGUARDED_AVAILABILITY = YES_AGGRESSIVE;
				CLANG_WARN_UNREACHABLE_CODE = YES;
				CLANG_WARN__DUPLICATE_METHOD_MATCH = YES;
				CODE_SIGN_IDENTITY = "Mac Developer";
				COPY_PHASE_STRIP = NO;
				DEBUG_INFORMATION_FORMAT = dwarf;
				ENABLE_STRICT_OBJC_MSGSEND = YES;
				ENABLE_TESTABILITY = YES;
				GCC_C_LANGUAGE_STANDARD = gnu11;
				GCC_DYNAMIC_NO_PIC = NO;
				GCC_NO_COMMON_BLOCKS = YES;
				GCC_OPTIMIZATION_LEVEL = 0;
				GCC_PREPROCESSOR_DEFINITIONS = (
					"DEBUG=1",
					"$(inherited)",
				);
				GCC_WARN_64_TO_32_BIT_CONVERSION = YES;
				GCC_WARN_ABOUT_RETURN_TYPE = YES_ERROR;
				GCC_WARN_UNDECLARED_SELECTOR = YES;
				GCC_WARN_UNINITIALIZED_AUTOS = YES_AGGRESSIVE;
				GCC_WARN_UNUSED_FUNCTION = YES;
				GCC_WARN_UNUSED_VARIABLE = YES;
				MACOSX_DEPLOYMENT_TARGET = 10.14;
				MTL_ENABLE_DEBUG_INFO = INCLUDE_SOURCE;
				ONLY_ACTIVE_ARCH = YES;
				SDKROOT = macosx;
			};
			name = Debug;
		};
		57D8E29921C06E2900892E0C /* Release */ = {
			isa = XCBuildConfiguration;
			buildSettings = {
				ALWAYS_SEARCH_USER_PATHS = NO;
				CLANG_ANALYZER_NONNULL = YES;
				CLANG_ANALYZER_NUMBER_OBJECT_CONVERSION = YES_AGGRESSIVE;
				CLANG_CXX_LANGUAGE_STANDARD = "gnu++14";
				CLANG_CXX_LIBRARY = "libc++";
				CLANG_ENABLE_MODULES = YES;
				CLANG_ENABLE_OBJC_ARC = YES;
				CLANG_ENABLE_OBJC_WEAK = YES;
				CLANG_WARN_BLOCK_CAPTURE_AUTORELEASING = YES;
				CLANG_WARN_BOOL_CONVERSION = YES;
				CLANG_WARN_COMMA = YES;
				CLANG_WARN_CONSTANT_CONVERSION = YES;
				CLANG_WARN_DEPRECATED_OBJC_IMPLEMENTATIONS = YES;
				CLANG_WARN_DIRECT_OBJC_ISA_USAGE = YES_ERROR;
				CLANG_WARN_DOCUMENTATION_COMMENTS = YES;
				CLANG_WARN_EMPTY_BODY = YES;
				CLANG_WARN_ENUM_CONVERSION = YES;
				CLANG_WARN_INFINITE_RECURSION = YES;
				CLANG_WARN_INT_CONVERSION = YES;
				CLANG_WARN_NON_LITERAL_NULL_CONVERSION = YES;
				CLANG_WARN_OBJC_IMPLICIT_RETAIN_SELF = YES;
				CLANG_WARN_OBJC_LITERAL_CONVERSION = YES;
				CLANG_WARN_OBJC_ROOT_CLASS = YES_ERROR;
				CLANG_WARN_RANGE_LOOP_ANALYSIS = YES;
				CLANG_WARN_STRICT_PROTOTYPES = YES;
				CLANG_WARN_SUSPICIOUS_MOVE = YES;
				CLANG_WARN_UNGUARDED_AVAILABILITY = YES_AGGRESSIVE;
				CLANG_WARN_UNREACHABLE_CODE = YES;
				CLANG_WARN__DUPLICATE_METHOD_MATCH = YES;
				CODE_SIGN_IDENTITY = "Mac Developer";
				COPY_PHASE_STRIP = NO;
				DEBUG_INFORMATION_FORMAT = "dwarf-with-dsym";
				ENABLE_NS_ASSERTIONS = NO;
				ENABLE_STRICT_OBJC_MSGSEND = YES;
				GCC_C_LANGUAGE_STANDARD = gnu11;
				GCC_NO_COMMON_BLOCKS = YES;
				GCC_WARN_64_TO_32_BIT_CONVERSION = YES;
				GCC_WARN_ABOUT_RETURN_TYPE = YES_ERROR;
				GCC_WARN_UNDECLARED_SELECTOR = YES;
				GCC_WARN_UNINITIALIZED_AUTOS = YES_AGGRESSIVE;
				GCC_WARN_UNUSED_FUNCTION = YES;
				GCC_WARN_UNUSED_VARIABLE = YES;
				MACOSX_DEPLOYMENT_TARGET = 10.14;
				MTL_ENABLE_DEBUG_INFO = NO;
				SDKROOT = macosx;
			};
			name = Release;
		};
		57D8E29B21C06E2900892E0C /* Debug */ = {
			isa = XCBuildConfiguration;
			buildSettings = {
				CODE_SIGN_STYLE = Automatic;
				DEVELOPMENT_TEAM = W7MSG2FEA9;
				EXECUTABLE_PREFIX = lib;
				HEADER_SEARCH_PATHS = (
					../contrib/tuio1,
					../contrib/tuio1/oscpack,
				);
				PRODUCT_NAME = "$(TARGET_NAME)";
				SKIP_INSTALL = YES;
			};
			name = Debug;
		};
		57D8E29C21C06E2900892E0C /* Release */ = {
			isa = XCBuildConfiguration;
			buildSettings = {
				CODE_SIGN_STYLE = Automatic;
				DEVELOPMENT_TEAM = W7MSG2FEA9;
				EXECUTABLE_PREFIX = lib;
				HEADER_SEARCH_PATHS = (
					../contrib/tuio1,
					../contrib/tuio1/oscpack,
				);
				PRODUCT_NAME = "$(TARGET_NAME)";
				SKIP_INSTALL = YES;
			};
			name = Release;
		};
/* End XCBuildConfiguration section */

/* Begin XCConfigurationList section */
		57D8E29121C06E2900892E0C /* Build configuration list for PBXProject "tuio1_c" */ = {
			isa = XCConfigurationList;
			buildConfigurations = (
				57D8E29821C06E2900892E0C /* Debug */,
				57D8E29921C06E2900892E0C /* Release */,
			);
			defaultConfigurationIsVisible = 0;
			defaultConfigurationName = Release;
		};
		57D8E29A21C06E2900892E0C /* Build configuration list for PBXNativeTarget "tuio_c" */ = {
			isa = XCConfigurationList;
			buildConfigurations = (
				57D8E29B21C06E2900892E0C /* Debug */,
				57D8E29C21C06E2900892E0C /* Release */,
			);
			defaultConfigurationIsVisible = 0;
			defaultConfigurationName = Release;
		};
/* End XCConfigurationList section */
	};
	rootObject = 57D8E28E21C06E2900892E0C /* Project object */;
}
